Microsoft Visual Studio Solution File, Format Version 11.00
# Visual Studio 2008

Project("{26D79F45-5905-5B38-FFF9-FD48DA6E648E}") = "TerraTower", "Assembly-CSharp-vs.csproj", "{5B00E90F-F4B3-8D80-6E7F-8A8AEC893730}"
EndProject
Global
	GlobalSection(SolutionConfigurationPlatforms) = preSolution
		Debug|Any CPU = Debug|Any CPU
		Release|Any CPU = Release|Any CPU
	EndGlobalSection
	GlobalSection(ProjectConfigurationPlatforms) = postSolution
		{5B00E90F-F4B3-8D80-6E7F-8A8AEC893730}.Debug|Any CPU.ActiveCfg = Debug|Any CPU
		{5B00E90F-F4B3-8D80-6E7F-8A8AEC893730}.Debug|Any CPU.Build.0 = Debug|Any CPU
		{5B00E90F-F4B3-8D80-6E7F-8A8AEC893730}.Release|Any CPU.ActiveCfg = Release|Any CPU
		{5B00E90F-F4B3-8D80-6E7F-8A8AEC893730}.Release|Any CPU.Build.0 = Release|Any CPU
	EndGlobalSection
	GlobalSection(SolutionProperties) = preSolution
		HideSolutionNode = FALSE
	EndGlobalSection
						GlobalSection(MonoDevelopProperties) = preSolution
		StartupItem = Assembly-CSharp.csproj
		Policies = $0
		$0.TextStylePolicy = $1
		$1.inheritsSet = Mono
		$1.inheritsScope = text/plain
		$1.scope = text/x-csharp
		$0.CSharpFormattingPolicy = $2
		$2.inheritsSet = Mono
		$2.inheritsScope = text/x-csharp
		$2.scope = text/x-csharp
		$0.TextStylePolicy = $3
		$3.FileWidth = 120
		$3.TabWidth = 4
		$3.EolMarker = Unix
		$3.inheritsSet = Mono
		$3.inheritsScope = text/plain
		$3.scope = text/plain
	EndGlobalSection

EndGlobal
